
Microsoft Visual Studio Solution File, Format Version 12.00
# Visual Studio 14
VisualStudioVersion = 14.0.25420.1
MinimumVisualStudioVersion = 10.0.40219.1
Project("{E24C65DC-7377-472B-9ABA-BC803B73C61A}") = "Saitti", "Saitti\", "{3E07E2B3-CB80-4885-B897-D2149243510F}"
	ProjectSection(WebsiteProperties) = preProject
		TargetFrameworkMoniker = ".NETFramework,Version%3Dv4.5"
		Debug.AspNetCompiler.VirtualPath = "/localhost_13303"
		Debug.AspNetCompiler.PhysicalPath = "Saitti\"
		Debug.AspNetCompiler.TargetPath = "PrecompiledWeb\localhost_13303\"
		Debug.AspNetCompiler.Updateable = "true"
		Debug.AspNetCompiler.ForceOverwrite = "true"
		Debug.AspNetCompiler.FixedNames = "false"
		Debug.AspNetCompiler.Debug = "True"
		Release.AspNetCompiler.VirtualPath = "/localhost_13303"
		Release.AspNetCompiler.PhysicalPath = "Saitti\"
		Release.AspNetCompiler.TargetPath = "PrecompiledWeb\localhost_13303\"
		Release.AspNetCompiler.Updateable = "true"
		Release.AspNetCompiler.ForceOverwrite = "true"
		Release.AspNetCompiler.FixedNames = "false"
		Release.AspNetCompiler.Debug = "False"
		VWDPort = "13303"
		SlnRelativePath = "Saitti\"
	EndProjectSection
EndProject
Project("{E24C65DC-7377-472B-9ABA-BC803B73C61A}") = "Teht1", "Teht1\", "{35FD8DD8-4DF0-4E98-8B66-DC11D1D51357}"
	ProjectSection(WebsiteProperties) = preProject
		TargetFrameworkMoniker = ".NETFramework,Version%3Dv4.5.2"
		Debug.AspNetCompiler.VirtualPath = "/localhost_15859"
		Debug.AspNetCompiler.PhysicalPath = "Teht1\"
		Debug.AspNetCompiler.TargetPath = "PrecompiledWeb\localhost_15859\"
		Debug.AspNetCompiler.Updateable = "true"
		Debug.AspNetCompiler.ForceOverwrite = "true"
		Debug.AspNetCompiler.FixedNames = "false"
		Debug.AspNetCompiler.Debug = "True"
		Release.AspNetCompiler.VirtualPath = "/localhost_15859"
		Release.AspNetCompiler.PhysicalPath = "Teht1\"
		Release.AspNetCompiler.TargetPath = "PrecompiledWeb\localhost_15859\"
		Release.AspNetCompiler.Updateable = "true"
		Release.AspNetCompiler.ForceOverwrite = "true"
		Release.AspNetCompiler.FixedNames = "false"
		Release.AspNetCompiler.Debug = "False"
		VWDPort = "15859"
		SlnRelativePath = "Teht1\"
		DefaultWebSiteLanguage = "Visual C#"
	EndProjectSection
EndProject
Project("{E24C65DC-7377-472B-9ABA-BC803B73C61A}") = "Teht2", "Teht2\", "{16782541-539B-4858-AA1E-561E38284F55}"
	ProjectSection(WebsiteProperties) = preProject
		TargetFrameworkMoniker = ".NETFramework,Version%3Dv4.5.2"
		Debug.AspNetCompiler.VirtualPath = "/localhost_53409"
		Debug.AspNetCompiler.PhysicalPath = "Teht2\"
		Debug.AspNetCompiler.TargetPath = "PrecompiledWeb\localhost_53409\"
		Debug.AspNetCompiler.Updateable = "true"
		Debug.AspNetCompiler.ForceOverwrite = "true"
		Debug.AspNetCompiler.FixedNames = "false"
		Debug.AspNetCompiler.Debug = "True"
		Release.AspNetCompiler.VirtualPath = "/localhost_53409"
		Release.AspNetCompiler.PhysicalPath = "Teht2\"
		Release.AspNetCompiler.TargetPath = "PrecompiledWeb\localhost_53409\"
		Release.AspNetCompiler.Updateable = "true"
		Release.AspNetCompiler.ForceOverwrite = "true"
		Release.AspNetCompiler.FixedNames = "false"
		Release.AspNetCompiler.Debug = "False"
		VWDPort = "53409"
		SlnRelativePath = "Teht2\"
		DefaultWebSiteLanguage = "Visual C#"
	EndProjectSection
EndProject
Project("{E24C65DC-7377-472B-9ABA-BC803B73C61A}") = "Teht3", "Teht3\", "{1AB7E8FD-A1DC-4EA9-AE83-BFD666751D4E}"
	ProjectSection(WebsiteProperties) = preProject
		TargetFrameworkMoniker = ".NETFramework,Version%3Dv4.5.2"
		Debug.AspNetCompiler.VirtualPath = "/localhost_55877"
		Debug.AspNetCompiler.PhysicalPath = "Teht3\"
		Debug.AspNetCompiler.TargetPath = "PrecompiledWeb\localhost_55877\"
		Debug.AspNetCompiler.Updateable = "true"
		Debug.AspNetCompiler.ForceOverwrite = "true"
		Debug.AspNetCompiler.FixedNames = "false"
		Debug.AspNetCompiler.Debug = "True"
		Release.AspNetCompiler.VirtualPath = "/localhost_55877"
		Release.AspNetCompiler.PhysicalPath = "Teht3\"
		Release.AspNetCompiler.TargetPath = "PrecompiledWeb\localhost_55877\"
		Release.AspNetCompiler.Updateable = "true"
		Release.AspNetCompiler.ForceOverwrite = "true"
		Release.AspNetCompiler.FixedNames = "false"
		Release.AspNetCompiler.Debug = "False"
		VWDPort = "55877"
		SlnRelativePath = "Teht3\"
		DefaultWebSiteLanguage = "Visual C#"
	EndProjectSection
EndProject
Project("{E24C65DC-7377-472B-9ABA-BC803B73C61A}") = "Teht4", "Teht4\", "{02439D29-DE26-44AD-AAD0-9898F19633FA}"
	ProjectSection(WebsiteProperties) = preProject
		TargetFrameworkMoniker = ".NETFramework,Version%3Dv4.5.2"
		Debug.AspNetCompiler.VirtualPath = "/localhost_27380"
		Debug.AspNetCompiler.PhysicalPath = "Teht4\"
		Debug.AspNetCompiler.TargetPath = "PrecompiledWeb\localhost_27380\"
		Debug.AspNetCompiler.Updateable = "true"
		Debug.AspNetCompiler.ForceOverwrite = "true"
		Debug.AspNetCompiler.FixedNames = "false"
		Debug.AspNetCompiler.Debug = "True"
		Release.AspNetCompiler.VirtualPath = "/localhost_27380"
		Release.AspNetCompiler.PhysicalPath = "Teht4\"
		Release.AspNetCompiler.TargetPath = "PrecompiledWeb\localhost_27380\"
		Release.AspNetCompiler.Updateable = "true"
		Release.AspNetCompiler.ForceOverwrite = "true"
		Release.AspNetCompiler.FixedNames = "false"
		Release.AspNetCompiler.Debug = "False"
		VWDPort = "27380"
		SlnRelativePath = "Teht4\"
		DefaultWebSiteLanguage = "Visual C#"
	EndProjectSection
EndProject
Project("{E24C65DC-7377-472B-9ABA-BC803B73C61A}") = "Teht9", "Teht9\", "{CEB899E1-83FF-4989-BE7D-A98D1E7FD4B4}"
	ProjectSection(WebsiteProperties) = preProject
		TargetFrameworkMoniker = ".NETFramework,Version%3Dv4.5.2"
		Debug.AspNetCompiler.VirtualPath = "/localhost_55967"
		Debug.AspNetCompiler.PhysicalPath = "Teht9\"
		Debug.AspNetCompiler.TargetPath = "PrecompiledWeb\localhost_55967\"
		Debug.AspNetCompiler.Updateable = "true"
		Debug.AspNetCompiler.ForceOverwrite = "true"
		Debug.AspNetCompiler.FixedNames = "false"
		Debug.AspNetCompiler.Debug = "True"
		Release.AspNetCompiler.VirtualPath = "/localhost_55967"
		Release.AspNetCompiler.PhysicalPath = "Teht9\"
		Release.AspNetCompiler.TargetPath = "PrecompiledWeb\localhost_55967\"
		Release.AspNetCompiler.Updateable = "true"
		Release.AspNetCompiler.ForceOverwrite = "true"
		Release.AspNetCompiler.FixedNames = "false"
		Release.AspNetCompiler.Debug = "False"
		VWDPort = "55967"
		SlnRelativePath = "Teht5\"
		DefaultWebSiteLanguage = "Visual C#"
	EndProjectSection
EndProject
Project("{E24C65DC-7377-472B-9ABA-BC803B73C61A}") = "Teht8", "Teht8\", "{7178404B-C967-4AF8-AFA8-D2031B519380}"
	ProjectSection(WebsiteProperties) = preProject
		TargetFrameworkMoniker = ".NETFramework,Version%3Dv4.5.2"
		Debug.AspNetCompiler.VirtualPath = "/localhost_10988"
		Debug.AspNetCompiler.PhysicalPath = "Teht8\"
		Debug.AspNetCompiler.TargetPath = "PrecompiledWeb\localhost_10988\"
		Debug.AspNetCompiler.Updateable = "true"
		Debug.AspNetCompiler.ForceOverwrite = "true"
		Debug.AspNetCompiler.FixedNames = "false"
		Debug.AspNetCompiler.Debug = "True"
		Release.AspNetCompiler.VirtualPath = "/localhost_10988"
		Release.AspNetCompiler.PhysicalPath = "Teht8\"
		Release.AspNetCompiler.TargetPath = "PrecompiledWeb\localhost_10988\"
		Release.AspNetCompiler.Updateable = "true"
		Release.AspNetCompiler.ForceOverwrite = "true"
		Release.AspNetCompiler.FixedNames = "false"
		Release.AspNetCompiler.Debug = "False"
		VWDPort = "10988"
		SlnRelativePath = "Teht8\"
		DefaultWebSiteLanguage = "Visual C#"
	EndProjectSection
EndProject
Project("{E24C65DC-7377-472B-9ABA-BC803B73C61A}") = "Teht6", "Teht6\", "{267BF84F-31C2-46C5-901F-83A006500F22}"
	ProjectSection(WebsiteProperties) = preProject
		TargetFrameworkMoniker = ".NETFramework,Version%3Dv4.5.2"
		Debug.AspNetCompiler.VirtualPath = "/localhost_51303"
		Debug.AspNetCompiler.PhysicalPath = "Teht6\"
		Debug.AspNetCompiler.TargetPath = "PrecompiledWeb\localhost_51303\"
		Debug.AspNetCompiler.Updateable = "true"
		Debug.AspNetCompiler.ForceOverwrite = "true"
		Debug.AspNetCompiler.FixedNames = "false"
		Debug.AspNetCompiler.Debug = "True"
		Release.AspNetCompiler.VirtualPath = "/localhost_51303"
		Release.AspNetCompiler.PhysicalPath = "Teht6\"
		Release.AspNetCompiler.TargetPath = "PrecompiledWeb\localhost_51303\"
		Release.AspNetCompiler.Updateable = "true"
		Release.AspNetCompiler.ForceOverwrite = "true"
		Release.AspNetCompiler.FixedNames = "false"
		Release.AspNetCompiler.Debug = "False"
		VWDPort = "51303"
		SlnRelativePath = "Teht6\"
		DefaultWebSiteLanguage = "Visual C#"
	EndProjectSection
EndProject
Project("{E24C65DC-7377-472B-9ABA-BC803B73C61A}") = "Teht7", "Teht7\", "{7BA0596B-0D5B-42CE-9D9E-DCB300AE0A24}"
	ProjectSection(WebsiteProperties) = preProject
		TargetFrameworkMoniker = ".NETFramework,Version%3Dv4.5.2"
		Debug.AspNetCompiler.VirtualPath = "/localhost_56224"
		Debug.AspNetCompiler.PhysicalPath = "Teht7\"
		Debug.AspNetCompiler.TargetPath = "PrecompiledWeb\localhost_56224\"
		Debug.AspNetCompiler.Updateable = "true"
		Debug.AspNetCompiler.ForceOverwrite = "true"
		Debug.AspNetCompiler.FixedNames = "false"
		Debug.AspNetCompiler.Debug = "True"
		Release.AspNetCompiler.VirtualPath = "/localhost_56224"
		Release.AspNetCompiler.PhysicalPath = "Teht7\"
		Release.AspNetCompiler.TargetPath = "PrecompiledWeb\localhost_56224\"
		Release.AspNetCompiler.Updateable = "true"
		Release.AspNetCompiler.ForceOverwrite = "true"
		Release.AspNetCompiler.FixedNames = "false"
		Release.AspNetCompiler.Debug = "False"
		VWDPort = "56224"
		SlnRelativePath = "Teht7\"
		DefaultWebSiteLanguage = "Visual C#"
	EndProjectSection
EndProject
Project("{E24C65DC-7377-472B-9ABA-BC803B73C61A}") = "Teht5", "Teht5\", "{BBBC9337-68D4-4476-BD48-4D1E4A9C3C4C}"
	ProjectSection(WebsiteProperties) = preProject
		TargetFrameworkMoniker = ".NETFramework,Version%3Dv4.5.2"
		Debug.AspNetCompiler.VirtualPath = "/localhost_60799"
		Debug.AspNetCompiler.PhysicalPath = "Teht5\"
		Debug.AspNetCompiler.TargetPath = "PrecompiledWeb\localhost_60799\"
		Debug.AspNetCompiler.Updateable = "true"
		Debug.AspNetCompiler.ForceOverwrite = "true"
		Debug.AspNetCompiler.FixedNames = "false"
		Debug.AspNetCompiler.Debug = "True"
		Release.AspNetCompiler.VirtualPath = "/localhost_60799"
		Release.AspNetCompiler.PhysicalPath = "Teht5\"
		Release.AspNetCompiler.TargetPath = "PrecompiledWeb\localhost_60799\"
		Release.AspNetCompiler.Updateable = "true"
		Release.AspNetCompiler.ForceOverwrite = "true"
		Release.AspNetCompiler.FixedNames = "false"
		Release.AspNetCompiler.Debug = "False"
		VWDPort = "60799"
		DefaultWebSiteLanguage = "Visual C#"
	EndProjectSection
EndProject
Global
	GlobalSection(SolutionConfigurationPlatforms) = preSolution
		Debug|Any CPU = Debug|Any CPU
		Release|Any CPU = Release|Any CPU
	EndGlobalSection
	GlobalSection(ProjectConfigurationPlatforms) = postSolution
		{3E07E2B3-CB80-4885-B897-D2149243510F}.Debug|Any CPU.ActiveCfg = Debug|Any CPU
		{3E07E2B3-CB80-4885-B897-D2149243510F}.Debug|Any CPU.Build.0 = Debug|Any CPU
		{3E07E2B3-CB80-4885-B897-D2149243510F}.Release|Any CPU.ActiveCfg = Debug|Any CPU
		{3E07E2B3-CB80-4885-B897-D2149243510F}.Release|Any CPU.Build.0 = Debug|Any CPU
		{35FD8DD8-4DF0-4E98-8B66-DC11D1D51357}.Debug|Any CPU.ActiveCfg = Debug|Any CPU
		{35FD8DD8-4DF0-4E98-8B66-DC11D1D51357}.Debug|Any CPU.Build.0 = Debug|Any CPU
		{35FD8DD8-4DF0-4E98-8B66-DC11D1D51357}.Release|Any CPU.ActiveCfg = Debug|Any CPU
		{35FD8DD8-4DF0-4E98-8B66-DC11D1D51357}.Release|Any CPU.Build.0 = Debug|Any CPU
		{16782541-539B-4858-AA1E-561E38284F55}.Debug|Any CPU.ActiveCfg = Debug|Any CPU
		{16782541-539B-4858-AA1E-561E38284F55}.Debug|Any CPU.Build.0 = Debug|Any CPU
		{16782541-539B-4858-AA1E-561E38284F55}.Release|Any CPU.ActiveCfg = Debug|Any CPU
		{16782541-539B-4858-AA1E-561E38284F55}.Release|Any CPU.Build.0 = Debug|Any CPU
		{1AB7E8FD-A1DC-4EA9-AE83-BFD666751D4E}.Debug|Any CPU.ActiveCfg = Debug|Any CPU
		{1AB7E8FD-A1DC-4EA9-AE83-BFD666751D4E}.Debug|Any CPU.Build.0 = Debug|Any CPU
		{1AB7E8FD-A1DC-4EA9-AE83-BFD666751D4E}.Release|Any CPU.ActiveCfg = Debug|Any CPU
		{1AB7E8FD-A1DC-4EA9-AE83-BFD666751D4E}.Release|Any CPU.Build.0 = Debug|Any CPU
		{02439D29-DE26-44AD-AAD0-9898F19633FA}.Debug|Any CPU.ActiveCfg = Debug|Any CPU
		{02439D29-DE26-44AD-AAD0-9898F19633FA}.Debug|Any CPU.Build.0 = Debug|Any CPU
		{02439D29-DE26-44AD-AAD0-9898F19633FA}.Release|Any CPU.ActiveCfg = Debug|Any CPU
		{02439D29-DE26-44AD-AAD0-9898F19633FA}.Release|Any CPU.Build.0 = Debug|Any CPU
		{CEB899E1-83FF-4989-BE7D-A98D1E7FD4B4}.Debug|Any CPU.ActiveCfg = Debug|Any CPU
		{CEB899E1-83FF-4989-BE7D-A98D1E7FD4B4}.Debug|Any CPU.Build.0 = Debug|Any CPU
		{CEB899E1-83FF-4989-BE7D-A98D1E7FD4B4}.Release|Any CPU.ActiveCfg = Debug|Any CPU
		{CEB899E1-83FF-4989-BE7D-A98D1E7FD4B4}.Release|Any CPU.Build.0 = Debug|Any CPU
		{7178404B-C967-4AF8-AFA8-D2031B519380}.Debug|Any CPU.ActiveCfg = Debug|Any CPU
		{7178404B-C967-4AF8-AFA8-D2031B519380}.Debug|Any CPU.Build.0 = Debug|Any CPU
		{7178404B-C967-4AF8-AFA8-D2031B519380}.Release|Any CPU.ActiveCfg = Debug|Any CPU
		{7178404B-C967-4AF8-AFA8-D2031B519380}.Release|Any CPU.Build.0 = Debug|Any CPU
		{267BF84F-31C2-46C5-901F-83A006500F22}.Debug|Any CPU.ActiveCfg = Debug|Any CPU
		{267BF84F-31C2-46C5-901F-83A006500F22}.Debug|Any CPU.Build.0 = Debug|Any CPU
		{267BF84F-31C2-46C5-901F-83A006500F22}.Release|Any CPU.ActiveCfg = Debug|Any CPU
		{267BF84F-31C2-46C5-901F-83A006500F22}.Release|Any CPU.Build.0 = Debug|Any CPU
		{7BA0596B-0D5B-42CE-9D9E-DCB300AE0A24}.Debug|Any CPU.ActiveCfg = Debug|Any CPU
		{7BA0596B-0D5B-42CE-9D9E-DCB300AE0A24}.Debug|Any CPU.Build.0 = Debug|Any CPU
		{7BA0596B-0D5B-42CE-9D9E-DCB300AE0A24}.Release|Any CPU.ActiveCfg = Debug|Any CPU
		{7BA0596B-0D5B-42CE-9D9E-DCB300AE0A24}.Release|Any CPU.Build.0 = Debug|Any CPU
		{BBBC9337-68D4-4476-BD48-4D1E4A9C3C4C}.Debug|Any CPU.ActiveCfg = Debug|Any CPU
		{BBBC9337-68D4-4476-BD48-4D1E4A9C3C4C}.Debug|Any CPU.Build.0 = Debug|Any CPU
		{BBBC9337-68D4-4476-BD48-4D1E4A9C3C4C}.Release|Any CPU.ActiveCfg = Debug|Any CPU
		{BBBC9337-68D4-4476-BD48-4D1E4A9C3C4C}.Release|Any CPU.Build.0 = Debug|Any CPU
	EndGlobalSection
	GlobalSection(SolutionProperties) = preSolution
		HideSolutionNode = FALSE
	EndGlobalSection
EndGlobal
